// !$*UTF8*$!
{
	archiveVersion = 1;
	classes = {
	};
	objectVersion = 55;
	objects = {

/* Begin PBXBuildFile section */
		D81D47D627D1B58A0050C0B3 /* Store.swift in Sources */ = {isa = PBXBuildFile; fileRef = D81D47D527D1B58A0050C0B3 /* Store.swift */; };
		D81D47D827D1B6A50050C0B3 /* ListRow.swift in Sources */ = {isa = PBXBuildFile; fileRef = D81D47D727D1B6A50050C0B3 /* ListRow.swift */; };
		D8217BF527C82C7D009ABA7C /* MissionApp.swift in Sources */ = {isa = PBXBuildFile; fileRef = D8217BF427C82C7D009ABA7C /* MissionApp.swift */; };
		D8217BF727C82C7D009ABA7C /* ContentView.swift in Sources */ = {isa = PBXBuildFile; fileRef = D8217BF627C82C7D009ABA7C /* ContentView.swift */; };
		D8217BF927C82C7E009ABA7C /* Assets.xcassets in Resources */ = {isa = PBXBuildFile; fileRef = D8217BF827C82C7E009ABA7C /* Assets.xcassets */; };
		D8217BFC27C82C7E009ABA7C /* Preview Assets.xcassets in Resources */ = {isa = PBXBuildFile; fileRef = D8217BFB27C82C7E009ABA7C /* Preview Assets.xcassets */; };
		D8217C0727C82C7E009ABA7C /* MissionTests.swift in Sources */ = {isa = PBXBuildFile; fileRef = D8217C0627C82C7E009ABA7C /* MissionTests.swift */; };
		D8217C1127C82C7E009ABA7C /* MissionUITests.swift in Sources */ = {isa = PBXBuildFile; fileRef = D8217C1027C82C7E009ABA7C /* MissionUITests.swift */; };
		D8217C1327C82C7E009ABA7C /* MissionUITestsLaunchTests.swift in Sources */ = {isa = PBXBuildFile; fileRef = D8217C1227C82C7E009ABA7C /* MissionUITestsLaunchTests.swift */; };
		D8217C2427C82EDD009ABA7C /* Transmission.swift in Sources */ = {isa = PBXBuildFile; fileRef = D8217C2327C82EDD009ABA7C /* Transmission.swift */; };
		D83A42AB27CBEF7100B558B6 /* Persistence.swift in Sources */ = {isa = PBXBuildFile; fileRef = D83A42AA27CBEF7100B558B6 /* Persistence.swift */; };
		D83A42AE27CBEFAB00B558B6 /* MissionStore.xcdatamodeld in Sources */ = {isa = PBXBuildFile; fileRef = D83A42AC27CBEFAB00B558B6 /* MissionStore.xcdatamodeld */; };
		D83A42B127CDE3F700B558B6 /* KeychainAccess in Frameworks */ = {isa = PBXBuildFile; productRef = D83A42B027CDE3F700B558B6 /* KeychainAccess */; };
		D8D3D7D427E2C74400BBE755 /* FileSelectDialog.swift in Sources */ = {isa = PBXBuildFile; fileRef = D8D3D7D327E2C74400BBE755 /* FileSelectDialog.swift */; };
		D8D50C6427EE7AA10074B17C /* ErrorDialog.swift in Sources */ = {isa = PBXBuildFile; fileRef = D8D50C6327EE7AA10074B17C /* ErrorDialog.swift */; };
		D8F05BB527D28E320067CB10 /* AlertToast in Frameworks */ = {isa = PBXBuildFile; productRef = D8F05BB427D28E320067CB10 /* AlertToast */; };
		D8F05BB927D594D80067CB10 /* AddServerDialog.swift in Sources */ = {isa = PBXBuildFile; fileRef = D8F05BB827D594D80067CB10 /* AddServerDialog.swift */; };
		D8F05BBB27D596560067CB10 /* AddTorrentDialog.swift in Sources */ = {isa = PBXBuildFile; fileRef = D8F05BBA27D596560067CB10 /* AddTorrentDialog.swift */; };
		D8F05BBD27D5A4920067CB10 /* FileAccess.swift in Sources */ = {isa = PBXBuildFile; fileRef = D8F05BBC27D5A4920067CB10 /* FileAccess.swift */; };
/* End PBXBuildFile section */

/* Begin PBXContainerItemProxy section */
		D8217C0327C82C7E009ABA7C /* PBXContainerItemProxy */ = {
			isa = PBXContainerItemProxy;
			containerPortal = D8217BE927C82C7D009ABA7C /* Project object */;
			proxyType = 1;
			remoteGlobalIDString = D8217BF027C82C7D009ABA7C;
			remoteInfo = Mission;
		};
		D8217C0D27C82C7E009ABA7C /* PBXContainerItemProxy */ = {
			isa = PBXContainerItemProxy;
			containerPortal = D8217BE927C82C7D009ABA7C /* Project object */;
			proxyType = 1;
			remoteGlobalIDString = D8217BF027C82C7D009ABA7C;
			remoteInfo = Mission;
		};
/* End PBXContainerItemProxy section */

/* Begin PBXFileReference section */
		D81D47D527D1B58A0050C0B3 /* Store.swift */ = {isa = PBXFileReference; lastKnownFileType = sourcecode.swift; path = Store.swift; sourceTree = "<group>"; };
		D81D47D727D1B6A50050C0B3 /* ListRow.swift */ = {isa = PBXFileReference; lastKnownFileType = sourcecode.swift; path = ListRow.swift; sourceTree = "<group>"; };
		D8217BF127C82C7D009ABA7C /* Mission.app */ = {isa = PBXFileReference; explicitFileType = wrapper.application; includeInIndex = 0; path = Mission.app; sourceTree = BUILT_PRODUCTS_DIR; };
		D8217BF427C82C7D009ABA7C /* MissionApp.swift */ = {isa = PBXFileReference; lastKnownFileType = sourcecode.swift; path = MissionApp.swift; sourceTree = "<group>"; };
		D8217BF627C82C7D009ABA7C /* ContentView.swift */ = {isa = PBXFileReference; lastKnownFileType = sourcecode.swift; path = ContentView.swift; sourceTree = "<group>"; };
		D8217BF827C82C7E009ABA7C /* Assets.xcassets */ = {isa = PBXFileReference; lastKnownFileType = folder.assetcatalog; path = Assets.xcassets; sourceTree = "<group>"; };
		D8217BFB27C82C7E009ABA7C /* Preview Assets.xcassets */ = {isa = PBXFileReference; lastKnownFileType = folder.assetcatalog; path = "Preview Assets.xcassets"; sourceTree = "<group>"; };
		D8217BFD27C82C7E009ABA7C /* Mission.entitlements */ = {isa = PBXFileReference; lastKnownFileType = text.plist.entitlements; path = Mission.entitlements; sourceTree = "<group>"; };
		D8217C0227C82C7E009ABA7C /* MissionTests.xctest */ = {isa = PBXFileReference; explicitFileType = wrapper.cfbundle; includeInIndex = 0; path = MissionTests.xctest; sourceTree = BUILT_PRODUCTS_DIR; };
		D8217C0627C82C7E009ABA7C /* MissionTests.swift */ = {isa = PBXFileReference; lastKnownFileType = sourcecode.swift; path = MissionTests.swift; sourceTree = "<group>"; };
		D8217C0C27C82C7E009ABA7C /* MissionUITests.xctest */ = {isa = PBXFileReference; explicitFileType = wrapper.cfbundle; includeInIndex = 0; path = MissionUITests.xctest; sourceTree = BUILT_PRODUCTS_DIR; };
		D8217C1027C82C7E009ABA7C /* MissionUITests.swift */ = {isa = PBXFileReference; lastKnownFileType = sourcecode.swift; path = MissionUITests.swift; sourceTree = "<group>"; };
		D8217C1227C82C7E009ABA7C /* MissionUITestsLaunchTests.swift */ = {isa = PBXFileReference; lastKnownFileType = sourcecode.swift; path = MissionUITestsLaunchTests.swift; sourceTree = "<group>"; };
		D8217C2327C82EDD009ABA7C /* Transmission.swift */ = {isa = PBXFileReference; lastKnownFileType = sourcecode.swift; path = Transmission.swift; sourceTree = "<group>"; };
		D83A426427C99F6000B558B6 /* Info.plist */ = {isa = PBXFileReference; lastKnownFileType = text.plist; path = Info.plist; sourceTree = "<group>"; };
		D83A42AA27CBEF7100B558B6 /* Persistence.swift */ = {isa = PBXFileReference; lastKnownFileType = sourcecode.swift; path = Persistence.swift; sourceTree = "<group>"; };
		D83A42AD27CBEFAB00B558B6 /* MissionStore.xcdatamodel */ = {isa = PBXFileReference; lastKnownFileType = wrapper.xcdatamodel; path = MissionStore.xcdatamodel; sourceTree = "<group>"; };
		D8D3D7D327E2C74400BBE755 /* FileSelectDialog.swift */ = {isa = PBXFileReference; lastKnownFileType = sourcecode.swift; path = FileSelectDialog.swift; sourceTree = "<group>"; };
		D8D50C6327EE7AA10074B17C /* ErrorDialog.swift */ = {isa = PBXFileReference; lastKnownFileType = sourcecode.swift; path = ErrorDialog.swift; sourceTree = "<group>"; };
		D8F05BB627D2AAA80067CB10 /* README.md */ = {isa = PBXFileReference; lastKnownFileType = net.daringfireball.markdown; path = README.md; sourceTree = "<group>"; };
		D8F05BB827D594D80067CB10 /* AddServerDialog.swift */ = {isa = PBXFileReference; lastKnownFileType = sourcecode.swift; path = AddServerDialog.swift; sourceTree = "<group>"; };
		D8F05BBA27D596560067CB10 /* AddTorrentDialog.swift */ = {isa = PBXFileReference; lastKnownFileType = sourcecode.swift; path = AddTorrentDialog.swift; sourceTree = "<group>"; };
		D8F05BBC27D5A4920067CB10 /* FileAccess.swift */ = {isa = PBXFileReference; lastKnownFileType = sourcecode.swift; path = FileAccess.swift; sourceTree = "<group>"; };
/* End PBXFileReference section */

/* Begin PBXFrameworksBuildPhase section */
		D8217BEE27C82C7D009ABA7C /* Frameworks */ = {
			isa = PBXFrameworksBuildPhase;
			buildActionMask = 2147483647;
			files = (
				D83A42B127CDE3F700B558B6 /* KeychainAccess in Frameworks */,
				D8F05BB527D28E320067CB10 /* AlertToast in Frameworks */,
			);
			runOnlyForDeploymentPostprocessing = 0;
		};
		D8217BFF27C82C7E009ABA7C /* Frameworks */ = {
			isa = PBXFrameworksBuildPhase;
			buildActionMask = 2147483647;
			files = (
			);
			runOnlyForDeploymentPostprocessing = 0;
		};
		D8217C0927C82C7E009ABA7C /* Frameworks */ = {
			isa = PBXFrameworksBuildPhase;
			buildActionMask = 2147483647;
			files = (
			);
			runOnlyForDeploymentPostprocessing = 0;
		};
/* End PBXFrameworksBuildPhase section */

/* Begin PBXGroup section */
		D8217BE827C82C7D009ABA7C = {
			isa = PBXGroup;
			children = (
				D8F05BB627D2AAA80067CB10 /* README.md */,
				D8217BF327C82C7D009ABA7C /* Mission */,
				D8217C0527C82C7E009ABA7C /* MissionTests */,
				D8217C0F27C82C7E009ABA7C /* MissionUITests */,
				D8217BF227C82C7D009ABA7C /* Products */,
			);
			sourceTree = "<group>";
		};
		D8217BF227C82C7D009ABA7C /* Products */ = {
			isa = PBXGroup;
			children = (
				D8217BF127C82C7D009ABA7C /* Mission.app */,
				D8217C0227C82C7E009ABA7C /* MissionTests.xctest */,
				D8217C0C27C82C7E009ABA7C /* MissionUITests.xctest */,
			);
			name = Products;
			sourceTree = "<group>";
		};
		D8217BF327C82C7D009ABA7C /* Mission */ = {
			isa = PBXGroup;
			children = (
				D8F05BB727D594CB0067CB10 /* Views */,
				D83A42AC27CBEFAB00B558B6 /* MissionStore.xcdatamodeld */,
				D83A426427C99F6000B558B6 /* Info.plist */,
				D8217C2227C82E8C009ABA7C /* Remote */,
				D8217BF427C82C7D009ABA7C /* MissionApp.swift */,
				D8217BF627C82C7D009ABA7C /* ContentView.swift */,
				D8217BF827C82C7E009ABA7C /* Assets.xcassets */,
				D8217BFD27C82C7E009ABA7C /* Mission.entitlements */,
				D8217BFA27C82C7E009ABA7C /* Preview Content */,
				D83A42AA27CBEF7100B558B6 /* Persistence.swift */,
				D81D47D527D1B58A0050C0B3 /* Store.swift */,
			);
			path = Mission;
			sourceTree = "<group>";
		};
		D8217BFA27C82C7E009ABA7C /* Preview Content */ = {
			isa = PBXGroup;
			children = (
				D8217BFB27C82C7E009ABA7C /* Preview Assets.xcassets */,
			);
			path = "Preview Content";
			sourceTree = "<group>";
		};
		D8217C0527C82C7E009ABA7C /* MissionTests */ = {
			isa = PBXGroup;
			children = (
				D8217C0627C82C7E009ABA7C /* MissionTests.swift */,
			);
			path = MissionTests;
			sourceTree = "<group>";
		};
		D8217C0F27C82C7E009ABA7C /* MissionUITests */ = {
			isa = PBXGroup;
			children = (
				D8217C1027C82C7E009ABA7C /* MissionUITests.swift */,
				D8217C1227C82C7E009ABA7C /* MissionUITestsLaunchTests.swift */,
			);
			path = MissionUITests;
			sourceTree = "<group>";
		};
		D8217C2227C82E8C009ABA7C /* Remote */ = {
			isa = PBXGroup;
			children = (
				D8217C2327C82EDD009ABA7C /* Transmission.swift */,
				D8F05BBC27D5A4920067CB10 /* FileAccess.swift */,
			);
			path = Remote;
			sourceTree = "<group>";
		};
		D8F05BB727D594CB0067CB10 /* Views */ = {
			isa = PBXGroup;
			children = (
				D81D47D727D1B6A50050C0B3 /* ListRow.swift */,
				D8F05BB827D594D80067CB10 /* AddServerDialog.swift */,
				D8F05BBA27D596560067CB10 /* AddTorrentDialog.swift */,
				D8D3D7D327E2C74400BBE755 /* FileSelectDialog.swift */,
				D8D50C6327EE7AA10074B17C /* ErrorDialog.swift */,
			);
			path = Views;
			sourceTree = "<group>";
		};
/* End PBXGroup section */

/* Begin PBXNativeTarget section */
		D8217BF027C82C7D009ABA7C /* Mission */ = {
			isa = PBXNativeTarget;
			buildConfigurationList = D8217C1627C82C7E009ABA7C /* Build configuration list for PBXNativeTarget "Mission" */;
			buildPhases = (
				D8217BED27C82C7D009ABA7C /* Sources */,
				D8217BEE27C82C7D009ABA7C /* Frameworks */,
				D8217BEF27C82C7D009ABA7C /* Resources */,
				D8D3D7D227DFB8B200BBE755 /* ShellScript */,
			);
			buildRules = (
			);
			dependencies = (
			);
			name = Mission;
			packageProductDependencies = (
				D83A42B027CDE3F700B558B6 /* KeychainAccess */,
				D8F05BB427D28E320067CB10 /* AlertToast */,
			);
			productName = Mission;
			productReference = D8217BF127C82C7D009ABA7C /* Mission.app */;
			productType = "com.apple.product-type.application";
		};
		D8217C0127C82C7E009ABA7C /* MissionTests */ = {
			isa = PBXNativeTarget;
			buildConfigurationList = D8217C1927C82C7E009ABA7C /* Build configuration list for PBXNativeTarget "MissionTests" */;
			buildPhases = (
				D8217BFE27C82C7E009ABA7C /* Sources */,
				D8217BFF27C82C7E009ABA7C /* Frameworks */,
				D8217C0027C82C7E009ABA7C /* Resources */,
			);
			buildRules = (
			);
			dependencies = (
				D8217C0427C82C7E009ABA7C /* PBXTargetDependency */,
			);
			name = MissionTests;
			productName = MissionTests;
			productReference = D8217C0227C82C7E009ABA7C /* MissionTests.xctest */;
			productType = "com.apple.product-type.bundle.unit-test";
		};
		D8217C0B27C82C7E009ABA7C /* MissionUITests */ = {
			isa = PBXNativeTarget;
			buildConfigurationList = D8217C1C27C82C7E009ABA7C /* Build configuration list for PBXNativeTarget "MissionUITests" */;
			buildPhases = (
				D8217C0827C82C7E009ABA7C /* Sources */,
				D8217C0927C82C7E009ABA7C /* Frameworks */,
				D8217C0A27C82C7E009ABA7C /* Resources */,
			);
			buildRules = (
			);
			dependencies = (
				D8217C0E27C82C7E009ABA7C /* PBXTargetDependency */,
			);
			name = MissionUITests;
			productName = MissionUITests;
			productReference = D8217C0C27C82C7E009ABA7C /* MissionUITests.xctest */;
			productType = "com.apple.product-type.bundle.ui-testing";
		};
/* End PBXNativeTarget section */

/* Begin PBXProject section */
		D8217BE927C82C7D009ABA7C /* Project object */ = {
			isa = PBXProject;
			attributes = {
				BuildIndependentTargetsInParallel = 1;
				LastSwiftUpdateCheck = 1320;
				LastUpgradeCheck = 1320;
				TargetAttributes = {
					D8217BF027C82C7D009ABA7C = {
						CreatedOnToolsVersion = 13.2.1;
					};
					D8217C0127C82C7E009ABA7C = {
						CreatedOnToolsVersion = 13.2.1;
						TestTargetID = D8217BF027C82C7D009ABA7C;
					};
					D8217C0B27C82C7E009ABA7C = {
						CreatedOnToolsVersion = 13.2.1;
						TestTargetID = D8217BF027C82C7D009ABA7C;
					};
				};
			};
			buildConfigurationList = D8217BEC27C82C7D009ABA7C /* Build configuration list for PBXProject "Mission" */;
			compatibilityVersion = "Xcode 13.0";
			developmentRegion = en;
			hasScannedForEncodings = 0;
			knownRegions = (
				en,
				Base,
			);
			mainGroup = D8217BE827C82C7D009ABA7C;
			packageReferences = (
				D83A42AF27CDE3F700B558B6 /* XCRemoteSwiftPackageReference "KeychainAccess" */,
				D8F05BB327D28E320067CB10 /* XCRemoteSwiftPackageReference "AlertToast" */,
			);
			productRefGroup = D8217BF227C82C7D009ABA7C /* Products */;
			projectDirPath = "";
			projectRoot = "";
			targets = (
				D8217BF027C82C7D009ABA7C /* Mission */,
				D8217C0127C82C7E009ABA7C /* MissionTests */,
				D8217C0B27C82C7E009ABA7C /* MissionUITests */,
			);
		};
/* End PBXProject section */

/* Begin PBXResourcesBuildPhase section */
		D8217BEF27C82C7D009ABA7C /* Resources */ = {
			isa = PBXResourcesBuildPhase;
			buildActionMask = 2147483647;
			files = (
				D8217BFC27C82C7E009ABA7C /* Preview Assets.xcassets in Resources */,
				D8217BF927C82C7E009ABA7C /* Assets.xcassets in Resources */,
			);
			runOnlyForDeploymentPostprocessing = 0;
		};
		D8217C0027C82C7E009ABA7C /* Resources */ = {
			isa = PBXResourcesBuildPhase;
			buildActionMask = 2147483647;
			files = (
			);
			runOnlyForDeploymentPostprocessing = 0;
		};
		D8217C0A27C82C7E009ABA7C /* Resources */ = {
			isa = PBXResourcesBuildPhase;
			buildActionMask = 2147483647;
			files = (
			);
			runOnlyForDeploymentPostprocessing = 0;
		};
/* End PBXResourcesBuildPhase section */

/* Begin PBXShellScriptBuildPhase section */
		D8D3D7D227DFB8B200BBE755 /* ShellScript */ = {
			isa = PBXShellScriptBuildPhase;
			buildActionMask = 2147483647;
			files = (
			);
			inputFileListPaths = (
			);
			inputPaths = (
				"${DWARF_DSYM_FOLDER_PATH}/${DWARF_DSYM_FILE_NAME}/Contents/Resources/DWARF/${TARGET_NAME}",
				"$(SRCROOT)/$(BUILT_PRODUCTS_DIR)/$(INFOPLIST_PATH)",
			);
			outputFileListPaths = (
			);
			outputPaths = (
			);
			runOnlyForDeploymentPostprocessing = 0;
			shellPath = /bin/sh;
			shellScript = "# Type a script or drag a script file from your workspace to insert its path.\n\"${BUILD_DIR%/Build/*}/SourcePackages/checkouts/firebase-ios-sdk/Crashlytics/run\"\n";
		};
/* End PBXShellScriptBuildPhase section */

/* Begin PBXSourcesBuildPhase section */
		D8217BED27C82C7D009ABA7C /* Sources */ = {
			isa = PBXSourcesBuildPhase;
			buildActionMask = 2147483647;
			files = (
				D8F05BB927D594D80067CB10 /* AddServerDialog.swift in Sources */,
				D8217C2427C82EDD009ABA7C /* Transmission.swift in Sources */,
				D8D50C6427EE7AA10074B17C /* ErrorDialog.swift in Sources */,
				D81D47D827D1B6A50050C0B3 /* ListRow.swift in Sources */,
				D83A42AE27CBEFAB00B558B6 /* MissionStore.xcdatamodeld in Sources */,
				D8D3D7D427E2C74400BBE755 /* FileSelectDialog.swift in Sources */,
				D8F05BBB27D596560067CB10 /* AddTorrentDialog.swift in Sources */,
				D8217BF727C82C7D009ABA7C /* ContentView.swift in Sources */,
				D81D47D627D1B58A0050C0B3 /* Store.swift in Sources */,
				D8217BF527C82C7D009ABA7C /* MissionApp.swift in Sources */,
				D83A42AB27CBEF7100B558B6 /* Persistence.swift in Sources */,
				D8F05BBD27D5A4920067CB10 /* FileAccess.swift in Sources */,
			);
			runOnlyForDeploymentPostprocessing = 0;
		};
		D8217BFE27C82C7E009ABA7C /* Sources */ = {
			isa = PBXSourcesBuildPhase;
			buildActionMask = 2147483647;
			files = (
				D8217C0727C82C7E009ABA7C /* MissionTests.swift in Sources */,
			);
			runOnlyForDeploymentPostprocessing = 0;
		};
		D8217C0827C82C7E009ABA7C /* Sources */ = {
			isa = PBXSourcesBuildPhase;
			buildActionMask = 2147483647;
			files = (
				D8217C1127C82C7E009ABA7C /* MissionUITests.swift in Sources */,
				D8217C1327C82C7E009ABA7C /* MissionUITestsLaunchTests.swift in Sources */,
			);
			runOnlyForDeploymentPostprocessing = 0;
		};
/* End PBXSourcesBuildPhase section */

/* Begin PBXTargetDependency section */
		D8217C0427C82C7E009ABA7C /* PBXTargetDependency */ = {
			isa = PBXTargetDependency;
			target = D8217BF027C82C7D009ABA7C /* Mission */;
			targetProxy = D8217C0327C82C7E009ABA7C /* PBXContainerItemProxy */;
		};
		D8217C0E27C82C7E009ABA7C /* PBXTargetDependency */ = {
			isa = PBXTargetDependency;
			target = D8217BF027C82C7D009ABA7C /* Mission */;
			targetProxy = D8217C0D27C82C7E009ABA7C /* PBXContainerItemProxy */;
		};
/* End PBXTargetDependency section */

/* Begin XCBuildConfiguration section */
		D8217C1427C82C7E009ABA7C /* Debug */ = {
			isa = XCBuildConfiguration;
			buildSettings = {
				ALWAYS_SEARCH_USER_PATHS = NO;
				CLANG_ANALYZER_NONNULL = YES;
				CLANG_ANALYZER_NUMBER_OBJECT_CONVERSION = YES_AGGRESSIVE;
				CLANG_CXX_LANGUAGE_STANDARD = "gnu++17";
				CLANG_CXX_LIBRARY = "libc++";
				CLANG_ENABLE_MODULES = YES;
				CLANG_ENABLE_OBJC_ARC = YES;
				CLANG_ENABLE_OBJC_WEAK = YES;
				CLANG_WARN_BLOCK_CAPTURE_AUTORELEASING = YES;
				CLANG_WARN_BOOL_CONVERSION = YES;
				CLANG_WARN_COMMA = YES;
				CLANG_WARN_CONSTANT_CONVERSION = YES;
				CLANG_WARN_DEPRECATED_OBJC_IMPLEMENTATIONS = YES;
				CLANG_WARN_DIRECT_OBJC_ISA_USAGE = YES_ERROR;
				CLANG_WARN_DOCUMENTATION_COMMENTS = YES;
				CLANG_WARN_EMPTY_BODY = YES;
				CLANG_WARN_ENUM_CONVERSION = YES;
				CLANG_WARN_INFINITE_RECURSION = YES;
				CLANG_WARN_INT_CONVERSION = YES;
				CLANG_WARN_NON_LITERAL_NULL_CONVERSION = YES;
				CLANG_WARN_OBJC_IMPLICIT_RETAIN_SELF = YES;
				CLANG_WARN_OBJC_LITERAL_CONVERSION = YES;
				CLANG_WARN_OBJC_ROOT_CLASS = YES_ERROR;
				CLANG_WARN_QUOTED_INCLUDE_IN_FRAMEWORK_HEADER = YES;
				CLANG_WARN_RANGE_LOOP_ANALYSIS = YES;
				CLANG_WARN_STRICT_PROTOTYPES = YES;
				CLANG_WARN_SUSPICIOUS_MOVE = YES;
				CLANG_WARN_UNGUARDED_AVAILABILITY = YES_AGGRESSIVE;
				CLANG_WARN_UNREACHABLE_CODE = YES;
				CLANG_WARN__DUPLICATE_METHOD_MATCH = YES;
				COPY_PHASE_STRIP = NO;
				DEBUG_INFORMATION_FORMAT = dwarf;
				ENABLE_STRICT_OBJC_MSGSEND = YES;
				ENABLE_TESTABILITY = YES;
				GCC_C_LANGUAGE_STANDARD = gnu11;
				GCC_DYNAMIC_NO_PIC = NO;
				GCC_NO_COMMON_BLOCKS = YES;
				GCC_OPTIMIZATION_LEVEL = 0;
				GCC_PREPROCESSOR_DEFINITIONS = (
					"DEBUG=1",
					"$(inherited)",
				);
				GCC_WARN_64_TO_32_BIT_CONVERSION = YES;
				GCC_WARN_ABOUT_RETURN_TYPE = YES_ERROR;
				GCC_WARN_UNDECLARED_SELECTOR = YES;
				GCC_WARN_UNINITIALIZED_AUTOS = YES_AGGRESSIVE;
				GCC_WARN_UNUSED_FUNCTION = YES;
				GCC_WARN_UNUSED_VARIABLE = YES;
				MACOSX_DEPLOYMENT_TARGET = 12.1;
				MTL_ENABLE_DEBUG_INFO = INCLUDE_SOURCE;
				MTL_FAST_MATH = YES;
				ONLY_ACTIVE_ARCH = YES;
				SDKROOT = macosx;
				SWIFT_ACTIVE_COMPILATION_CONDITIONS = DEBUG;
				SWIFT_OPTIMIZATION_LEVEL = "-Onone";
			};
			name = Debug;
		};
		D8217C1527C82C7E009ABA7C /* Release */ = {
			isa = XCBuildConfiguration;
			buildSettings = {
				ALWAYS_SEARCH_USER_PATHS = NO;
				CLANG_ANALYZER_NONNULL = YES;
				CLANG_ANALYZER_NUMBER_OBJECT_CONVERSION = YES_AGGRESSIVE;
				CLANG_CXX_LANGUAGE_STANDARD = "gnu++17";
				CLANG_CXX_LIBRARY = "libc++";
				CLANG_ENABLE_MODULES = YES;
				CLANG_ENABLE_OBJC_ARC = YES;
				CLANG_ENABLE_OBJC_WEAK = YES;
				CLANG_WARN_BLOCK_CAPTURE_AUTORELEASING = YES;
				CLANG_WARN_BOOL_CONVERSION = YES;
				CLANG_WARN_COMMA = YES;
				CLANG_WARN_CONSTANT_CONVERSION = YES;
				CLANG_WARN_DEPRECATED_OBJC_IMPLEMENTATIONS = YES;
				CLANG_WARN_DIRECT_OBJC_ISA_USAGE = YES_ERROR;
				CLANG_WARN_DOCUMENTATION_COMMENTS = YES;
				CLANG_WARN_EMPTY_BODY = YES;
				CLANG_WARN_ENUM_CONVERSION = YES;
				CLANG_WARN_INFINITE_RECURSION = YES;
				CLANG_WARN_INT_CONVERSION = YES;
				CLANG_WARN_NON_LITERAL_NULL_CONVERSION = YES;
				CLANG_WARN_OBJC_IMPLICIT_RETAIN_SELF = YES;
				CLANG_WARN_OBJC_LITERAL_CONVERSION = YES;
				CLANG_WARN_OBJC_ROOT_CLASS = YES_ERROR;
				CLANG_WARN_QUOTED_INCLUDE_IN_FRAMEWORK_HEADER = YES;
				CLANG_WARN_RANGE_LOOP_ANALYSIS = YES;
				CLANG_WARN_STRICT_PROTOTYPES = YES;
				CLANG_WARN_SUSPICIOUS_MOVE = YES;
				CLANG_WARN_UNGUARDED_AVAILABILITY = YES_AGGRESSIVE;
				CLANG_WARN_UNREACHABLE_CODE = YES;
				CLANG_WARN__DUPLICATE_METHOD_MATCH = YES;
				COPY_PHASE_STRIP = NO;
				DEBUG_INFORMATION_FORMAT = "dwarf-with-dsym";
				ENABLE_NS_ASSERTIONS = NO;
				ENABLE_STRICT_OBJC_MSGSEND = YES;
				GCC_C_LANGUAGE_STANDARD = gnu11;
				GCC_NO_COMMON_BLOCKS = YES;
				GCC_WARN_64_TO_32_BIT_CONVERSION = YES;
				GCC_WARN_ABOUT_RETURN_TYPE = YES_ERROR;
				GCC_WARN_UNDECLARED_SELECTOR = YES;
				GCC_WARN_UNINITIALIZED_AUTOS = YES_AGGRESSIVE;
				GCC_WARN_UNUSED_FUNCTION = YES;
				GCC_WARN_UNUSED_VARIABLE = YES;
				MACOSX_DEPLOYMENT_TARGET = 12.1;
				MTL_ENABLE_DEBUG_INFO = NO;
				MTL_FAST_MATH = YES;
				SDKROOT = macosx;
				SWIFT_COMPILATION_MODE = wholemodule;
				SWIFT_OPTIMIZATION_LEVEL = "-O";
			};
			name = Release;
		};
		D8217C1727C82C7E009ABA7C /* Debug */ = {
			isa = XCBuildConfiguration;
			buildSettings = {
				ASSETCATALOG_COMPILER_APPICON_NAME = AppIcon;
				ASSETCATALOG_COMPILER_GLOBAL_ACCENT_COLOR_NAME = AccentColor;
				CODE_SIGN_ENTITLEMENTS = Mission/Mission.entitlements;
				CODE_SIGN_IDENTITY = "-";
				CODE_SIGN_STYLE = Automatic;
				COMBINE_HIDPI_IMAGES = YES;
				CURRENT_PROJECT_VERSION = 6;
				DEBUG_INFORMATION_FORMAT = "dwarf-with-dsym";
				DEVELOPMENT_ASSET_PATHS = "\"Mission/Preview Content\"";
				DEVELOPMENT_TEAM = D44Y5BBJ48;
				ENABLE_HARDENED_RUNTIME = YES;
				ENABLE_PREVIEWS = YES;
				GENERATE_INFOPLIST_FILE = YES;
				INFOPLIST_FILE = Mission/Info.plist;
				INFOPLIST_KEY_LSApplicationCategoryType = "public.app-category.utilities";
				INFOPLIST_KEY_NSHumanReadableCopyright = "";
				LD_RUNPATH_SEARCH_PATHS = (
					"$(inherited)",
					"@executable_path/../Frameworks",
				);
				MARKETING_VERSION = 2.0;
				PRODUCT_BUNDLE_IDENTIFIER = com.jdiggity.Mission;
				PRODUCT_NAME = "$(TARGET_NAME)";
				SWIFT_EMIT_LOC_STRINGS = YES;
				SWIFT_VERSION = 5.0;
			};
			name = Debug;
		};
		D8217C1827C82C7E009ABA7C /* Release */ = {
			isa = XCBuildConfiguration;
			buildSettings = {
				ASSETCATALOG_COMPILER_APPICON_NAME = AppIcon;
				ASSETCATALOG_COMPILER_GLOBAL_ACCENT_COLOR_NAME = AccentColor;
				CODE_SIGN_ENTITLEMENTS = Mission/Mission.entitlements;
				CODE_SIGN_IDENTITY = "-";
				CODE_SIGN_STYLE = Automatic;
				COMBINE_HIDPI_IMAGES = YES;
				CURRENT_PROJECT_VERSION = 6;
				DEVELOPMENT_ASSET_PATHS = "\"Mission/Preview Content\"";
				DEVELOPMENT_TEAM = D44Y5BBJ48;
				ENABLE_HARDENED_RUNTIME = YES;
				ENABLE_PREVIEWS = YES;
				GENERATE_INFOPLIST_FILE = YES;
				INFOPLIST_FILE = Mission/Info.plist;
				INFOPLIST_KEY_LSApplicationCategoryType = "public.app-category.utilities";
				INFOPLIST_KEY_NSHumanReadableCopyright = "";
				LD_RUNPATH_SEARCH_PATHS = (
					"$(inherited)",
					"@executable_path/../Frameworks",
				);
				MARKETING_VERSION = 2.0;
				PRODUCT_BUNDLE_IDENTIFIER = com.jdiggity.Mission;
				PRODUCT_NAME = "$(TARGET_NAME)";
				SWIFT_EMIT_LOC_STRINGS = YES;
				SWIFT_VERSION = 5.0;
			};
			name = Release;
		};
		D8217C1A27C82C7E009ABA7C /* Debug */ = {
			isa = XCBuildConfiguration;
			buildSettings = {
				ALWAYS_EMBED_SWIFT_STANDARD_LIBRARIES = YES;
				BUNDLE_LOADER = "$(TEST_HOST)";
				CODE_SIGN_STYLE = Automatic;
				CURRENT_PROJECT_VERSION = 1;
				DEVELOPMENT_TEAM = D44Y5BBJ48;
				GENERATE_INFOPLIST_FILE = YES;
				MACOSX_DEPLOYMENT_TARGET = 12.1;
				MARKETING_VERSION = 1.0;
				PRODUCT_BUNDLE_IDENTIFIER = com.jdiggity.MissionTests;
				PRODUCT_NAME = "$(TARGET_NAME)";
				SWIFT_EMIT_LOC_STRINGS = NO;
				SWIFT_VERSION = 5.0;
				TEST_HOST = "$(BUILT_PRODUCTS_DIR)/Mission.app/Contents/MacOS/Mission";
			};
			name = Debug;
		};
		D8217C1B27C82C7E009ABA7C /* Release */ = {
			isa = XCBuildConfiguration;
			buildSettings = {
				ALWAYS_EMBED_SWIFT_STANDARD_LIBRARIES = YES;
				BUNDLE_LOADER = "$(TEST_HOST)";
				CODE_SIGN_STYLE = Automatic;
				CURRENT_PROJECT_VERSION = 1;
				DEVELOPMENT_TEAM = D44Y5BBJ48;
				GENERATE_INFOPLIST_FILE = YES;
				MACOSX_DEPLOYMENT_TARGET = 12.1;
				MARKETING_VERSION = 1.0;
				PRODUCT_BUNDLE_IDENTIFIER = com.jdiggity.MissionTests;
				PRODUCT_NAME = "$(TARGET_NAME)";
				SWIFT_EMIT_LOC_STRINGS = NO;
				SWIFT_VERSION = 5.0;
				TEST_HOST = "$(BUILT_PRODUCTS_DIR)/Mission.app/Contents/MacOS/Mission";
			};
			name = Release;
		};
		D8217C1D27C82C7E009ABA7C /* Debug */ = {
			isa = XCBuildConfiguration;
			buildSettings = {
				ALWAYS_EMBED_SWIFT_STANDARD_LIBRARIES = YES;
				CODE_SIGN_STYLE = Automatic;
				CURRENT_PROJECT_VERSION = 1;
				DEVELOPMENT_TEAM = D44Y5BBJ48;
				GENERATE_INFOPLIST_FILE = YES;
				MARKETING_VERSION = 1.0;
				PRODUCT_BUNDLE_IDENTIFIER = com.jdiggity.MissionUITests;
				PRODUCT_NAME = "$(TARGET_NAME)";
				SWIFT_EMIT_LOC_STRINGS = NO;
				SWIFT_VERSION = 5.0;
				TEST_TARGET_NAME = Mission;
			};
			name = Debug;
		};
		D8217C1E27C82C7E009ABA7C /* Release */ = {
			isa = XCBuildConfiguration;
			buildSettings = {
				ALWAYS_EMBED_SWIFT_STANDARD_LIBRARIES = YES;
				CODE_SIGN_STYLE = Automatic;
				CURRENT_PROJECT_VERSION = 1;
				DEVELOPMENT_TEAM = D44Y5BBJ48;
				GENERATE_INFOPLIST_FILE = YES;
				MARKETING_VERSION = 1.0;
				PRODUCT_BUNDLE_IDENTIFIER = com.jdiggity.MissionUITests;
				PRODUCT_NAME = "$(TARGET_NAME)";
				SWIFT_EMIT_LOC_STRINGS = NO;
				SWIFT_VERSION = 5.0;
				TEST_TARGET_NAME = Mission;
			};
			name = Release;
		};
/* End XCBuildConfiguration section */

/* Begin XCConfigurationList section */
		D8217BEC27C82C7D009ABA7C /* Build configuration list for PBXProject "Mission" */ = {
			isa = XCConfigurationList;
			buildConfigurations = (
				D8217C1427C82C7E009ABA7C /* Debug */,
				D8217C1527C82C7E009ABA7C /* Release */,
			);
			defaultConfigurationIsVisible = 0;
			defaultConfigurationName = Release;
		};
		D8217C1627C82C7E009ABA7C /* Build configuration list for PBXNativeTarget "Mission" */ = {
			isa = XCConfigurationList;
			buildConfigurations = (
				D8217C1727C82C7E009ABA7C /* Debug */,
				D8217C1827C82C7E009ABA7C /* Release */,
			);
			defaultConfigurationIsVisible = 0;
			defaultConfigurationName = Release;
		};
		D8217C1927C82C7E009ABA7C /* Build configuration list for PBXNativeTarget "MissionTests" */ = {
			isa = XCConfigurationList;
			buildConfigurations = (
				D8217C1A27C82C7E009ABA7C /* Debug */,
				D8217C1B27C82C7E009ABA7C /* Release */,
			);
			defaultConfigurationIsVisible = 0;
			defaultConfigurationName = Release;
		};
		D8217C1C27C82C7E009ABA7C /* Build configuration list for PBXNativeTarget "MissionUITests" */ = {
			isa = XCConfigurationList;
			buildConfigurations = (
				D8217C1D27C82C7E009ABA7C /* Debug */,
				D8217C1E27C82C7E009ABA7C /* Release */,
			);
			defaultConfigurationIsVisible = 0;
			defaultConfigurationName = Release;
		};
/* End XCConfigurationList section */

/* Begin XCRemoteSwiftPackageReference section */
		D83A42AF27CDE3F700B558B6 /* XCRemoteSwiftPackageReference "KeychainAccess" */ = {
			isa = XCRemoteSwiftPackageReference;
			repositoryURL = "https://github.com/kishikawakatsumi/KeychainAccess";
			requirement = {
				branch = master;
				kind = branch;
			};
		};
		D8F05BB327D28E320067CB10 /* XCRemoteSwiftPackageReference "AlertToast" */ = {
			isa = XCRemoteSwiftPackageReference;
			repositoryURL = "https://github.com/elai950/AlertToast.git";
			requirement = {
				branch = master;
				kind = branch;
			};
		};
/* End XCRemoteSwiftPackageReference section */

/* Begin XCSwiftPackageProductDependency section */
		D83A42B027CDE3F700B558B6 /* KeychainAccess */ = {
			isa = XCSwiftPackageProductDependency;
			package = D83A42AF27CDE3F700B558B6 /* XCRemoteSwiftPackageReference "KeychainAccess" */;
			productName = KeychainAccess;
		};
		D8F05BB427D28E320067CB10 /* AlertToast */ = {
			isa = XCSwiftPackageProductDependency;
			package = D8F05BB327D28E320067CB10 /* XCRemoteSwiftPackageReference "AlertToast" */;
			productName = AlertToast;
		};
/* End XCSwiftPackageProductDependency section */

/* Begin XCVersionGroup section */
		D83A42AC27CBEFAB00B558B6 /* MissionStore.xcdatamodeld */ = {
			isa = XCVersionGroup;
			children = (
				D83A42AD27CBEFAB00B558B6 /* MissionStore.xcdatamodel */,
			);
			currentVersion = D83A42AD27CBEFAB00B558B6 /* MissionStore.xcdatamodel */;
			path = MissionStore.xcdatamodeld;
			sourceTree = "<group>";
			versionGroupType = wrapper.xcdatamodel;
		};
/* End XCVersionGroup section */
	};
	rootObject = D8217BE927C82C7D009ABA7C /* Project object */;
}
